
Microsoft Visual Studio Solution File, Format Version 12.00
# Visual Studio 15
VisualStudioVersion = 15.0.27703.2047
MinimumVisualStudioVersion = 10.0.40219.1
Project("{FAE04EC0-301F-11D3-BF4B-00C04F79EFBC}") = "Xamarin_quick_start.Android", "Xamarin_quick_start\Xamarin_quick_start.Android\Xamarin_quick_start.Android.csproj", "{7C3A6B09-1EBB-42D0-B77F-76A0913386F7}"
EndProject
Project("{FAE04EC0-301F-11D3-BF4B-00C04F79EFBC}") = "Xamarin_quick_start.iOS", "Xamarin_quick_start\Xamarin_quick_start.iOS\Xamarin_quick_start.iOS.csproj", "{63B33E57-4095-4C9F-9769-4F4741F90B29}"
EndProject
Project("{FAE04EC0-301F-11D3-BF4B-00C04F79EFBC}") = "Xamarin_quick_start.UWP", "Xamarin_quick_start\Xamarin_quick_start.UWP\Xamarin_quick_start.UWP.csproj", "{B8034FF6-868E-48A0-87C0-9695A8FFA1E5}"
EndProject
Project("{FAE04EC0-301F-11D3-BF4B-00C04F79EFBC}") = "Xamarin_quick_start", "Xamarin_quick_start\Xamarin_quick_start\Xamarin_quick_start.csproj", "{79360B5A-D309-4194-8BCE-111FE66C4C07}"
EndProject
Global
	GlobalSection(SolutionConfigurationPlatforms) = preSolution
		Ad-Hoc|Any CPU = Ad-Hoc|Any CPU
		Ad-Hoc|ARM = Ad-Hoc|ARM
		Ad-Hoc|iPhone = Ad-Hoc|iPhone
		Ad-Hoc|iPhoneSimulator = Ad-Hoc|iPhoneSimulator
		Ad-Hoc|x64 = Ad-Hoc|x64
		Ad-Hoc|x86 = Ad-Hoc|x86
		AppStore|Any CPU = AppStore|Any CPU
		AppStore|ARM = AppStore|ARM
		AppStore|iPhone = AppStore|iPhone
		AppStore|iPhoneSimulator = AppStore|iPhoneSimulator
		AppStore|x64 = AppStore|x64
		AppStore|x86 = AppStore|x86
		Debug|Any CPU = Debug|Any CPU
		Debug|ARM = Debug|ARM
		Debug|iPhone = Debug|iPhone
		Debug|iPhoneSimulator = Debug|iPhoneSimulator
		Debug|x64 = Debug|x64
		Debug|x86 = Debug|x86
		Release|Any CPU = Release|Any CPU
		Release|ARM = Release|ARM
		Release|iPhone = Release|iPhone
		Release|iPhoneSimulator = Release|iPhoneSimulator
		Release|x64 = Release|x64
		Release|x86 = Release|x86
	EndGlobalSection
	GlobalSection(ProjectConfigurationPlatforms) = postSolution
		{7C3A6B09-1EBB-42D0-B77F-76A0913386F7}.Ad-Hoc|Any CPU.ActiveCfg = Release|Any CPU
		{7C3A6B09-1EBB-42D0-B77F-76A0913386F7}.Ad-Hoc|Any CPU.Build.0 = Release|Any CPU
		{7C3A6B09-1EBB-42D0-B77F-76A0913386F7}.Ad-Hoc|Any CPU.Deploy.0 = Release|Any CPU
		{7C3A6B09-1EBB-42D0-B77F-76A0913386F7}.Ad-Hoc|ARM.ActiveCfg = Release|Any CPU
		{7C3A6B09-1EBB-42D0-B77F-76A0913386F7}.Ad-Hoc|ARM.Build.0 = Release|Any CPU
		{7C3A6B09-1EBB-42D0-B77F-76A0913386F7}.Ad-Hoc|ARM.Deploy.0 = Release|Any CPU
		{7C3A6B09-1EBB-42D0-B77F-76A0913386F7}.Ad-Hoc|iPhone.ActiveCfg = Release|Any CPU
		{7C3A6B09-1EBB-42D0-B77F-76A0913386F7}.Ad-Hoc|iPhone.Build.0 = Release|Any CPU
		{7C3A6B09-1EBB-42D0-B77F-76A0913386F7}.Ad-Hoc|iPhone.Deploy.0 = Release|Any CPU
		{7C3A6B09-1EBB-42D0-B77F-76A0913386F7}.Ad-Hoc|iPhoneSimulator.ActiveCfg = Release|Any CPU
		{7C3A6B09-1EBB-42D0-B77F-76A0913386F7}.Ad-Hoc|iPhoneSimulator.Build.0 = Release|Any CPU
		{7C3A6B09-1EBB-42D0-B77F-76A0913386F7}.Ad-Hoc|iPhoneSimulator.Deploy.0 = Release|Any CPU
		{7C3A6B09-1EBB-42D0-B77F-76A0913386F7}.Ad-Hoc|x64.ActiveCfg = Release|Any CPU
		{7C3A6B09-1EBB-42D0-B77F-76A0913386F7}.Ad-Hoc|x64.Build.0 = Release|Any CPU
		{7C3A6B09-1EBB-42D0-B77F-76A0913386F7}.Ad-Hoc|x64.Deploy.0 = Release|Any CPU
		{7C3A6B09-1EBB-42D0-B77F-76A0913386F7}.Ad-Hoc|x86.ActiveCfg = Release|Any CPU
		{7C3A6B09-1EBB-42D0-B77F-76A0913386F7}.Ad-Hoc|x86.Build.0 = Release|Any CPU
		{7C3A6B09-1EBB-42D0-B77F-76A0913386F7}.Ad-Hoc|x86.Deploy.0 = Release|Any CPU
		{7C3A6B09-1EBB-42D0-B77F-76A0913386F7}.AppStore|Any CPU.ActiveCfg = Release|Any CPU
		{7C3A6B09-1EBB-42D0-B77F-76A0913386F7}.AppStore|Any CPU.Build.0 = Release|Any CPU
		{7C3A6B09-1EBB-42D0-B77F-76A0913386F7}.AppStore|Any CPU.Deploy.0 = Release|Any CPU
		{7C3A6B09-1EBB-42D0-B77F-76A0913386F7}.AppStore|ARM.ActiveCfg = Release|Any CPU
		{7C3A6B09-1EBB-42D0-B77F-76A0913386F7}.AppStore|ARM.Build.0 = Release|Any CPU
		{7C3A6B09-1EBB-42D0-B77F-76A0913386F7}.AppStore|ARM.Deploy.0 = Release|Any CPU
		{7C3A6B09-1EBB-42D0-B77F-76A0913386F7}.AppStore|iPhone.ActiveCfg = Release|Any CPU
		{7C3A6B09-1EBB-42D0-B77F-76A0913386F7}.AppStore|iPhone.Build.0 = Release|Any CPU
		{7C3A6B09-1EBB-42D0-B77F-76A0913386F7}.AppStore|iPhone.Deploy.0 = Release|Any CPU
		{7C3A6B09-1EBB-42D0-B77F-76A0913386F7}.AppStore|iPhoneSimulator.ActiveCfg = Release|Any CPU
		{7C3A6B09-1EBB-42D0-B77F-76A0913386F7}.AppStore|iPhoneSimulator.Build.0 = Release|Any CPU
		{7C3A6B09-1EBB-42D0-B77F-76A0913386F7}.AppStore|iPhoneSimulator.Deploy.0 = Release|Any CPU
		{7C3A6B09-1EBB-42D0-B77F-76A0913386F7}.AppStore|x64.ActiveCfg = Release|Any CPU
		{7C3A6B09-1EBB-42D0-B77F-76A0913386F7}.AppStore|x64.Build.0 = Release|Any CPU
		{7C3A6B09-1EBB-42D0-B77F-76A0913386F7}.AppStore|x64.Deploy.0 = Release|Any CPU
		{7C3A6B09-1EBB-42D0-B77F-76A0913386F7}.AppStore|x86.ActiveCfg = Release|Any CPU
		{7C3A6B09-1EBB-42D0-B77F-76A0913386F7}.AppStore|x86.Build.0 = Release|Any CPU
		{7C3A6B09-1EBB-42D0-B77F-76A0913386F7}.AppStore|x86.Deploy.0 = Release|Any CPU
		{7C3A6B09-1EBB-42D0-B77F-76A0913386F7}.Debug|Any CPU.ActiveCfg = Debug|Any CPU
		{7C3A6B09-1EBB-42D0-B77F-76A0913386F7}.Debug|Any CPU.Build.0 = Debug|Any CPU
		{7C3A6B09-1EBB-42D0-B77F-76A0913386F7}.Debug|Any CPU.Deploy.0 = Debug|Any CPU
		{7C3A6B09-1EBB-42D0-B77F-76A0913386F7}.Debug|ARM.ActiveCfg = Debug|Any CPU
		{7C3A6B09-1EBB-42D0-B77F-76A0913386F7}.Debug|ARM.Build.0 = Debug|Any CPU
		{7C3A6B09-1EBB-42D0-B77F-76A0913386F7}.Debug|ARM.Deploy.0 = Debug|Any CPU
		{7C3A6B09-1EBB-42D0-B77F-76A0913386F7}.Debug|iPhone.ActiveCfg = Debug|Any CPU
		{7C3A6B09-1EBB-42D0-B77F-76A0913386F7}.Debug|iPhone.Build.0 = Debug|Any CPU
		{7C3A6B09-1EBB-42D0-B77F-76A0913386F7}.Debug|iPhone.Deploy.0 = Debug|Any CPU
		{7C3A6B09-1EBB-42D0-B77F-76A0913386F7}.Debug|iPhoneSimulator.ActiveCfg = Debug|Any CPU
		{7C3A6B09-1EBB-42D0-B77F-76A0913386F7}.Debug|iPhoneSimulator.Build.0 = Debug|Any CPU
		{7C3A6B09-1EBB-42D0-B77F-76A0913386F7}.Debug|iPhoneSimulator.Deploy.0 = Debug|Any CPU
		{7C3A6B09-1EBB-42D0-B77F-76A0913386F7}.Debug|x64.ActiveCfg = Debug|Any CPU
		{7C3A6B09-1EBB-42D0-B77F-76A0913386F7}.Debug|x64.Build.0 = Debug|Any CPU
		{7C3A6B09-1EBB-42D0-B77F-76A0913386F7}.Debug|x64.Deploy.0 = Debug|Any CPU
		{7C3A6B09-1EBB-42D0-B77F-76A0913386F7}.Debug|x86.ActiveCfg = Debug|Any CPU
		{7C3A6B09-1EBB-42D0-B77F-76A0913386F7}.Debug|x86.Build.0 = Debug|Any CPU
		{7C3A6B09-1EBB-42D0-B77F-76A0913386F7}.Debug|x86.Deploy.0 = Debug|Any CPU
		{7C3A6B09-1EBB-42D0-B77F-76A0913386F7}.Release|Any CPU.ActiveCfg = Release|Any CPU
		{7C3A6B09-1EBB-42D0-B77F-76A0913386F7}.Release|Any CPU.Build.0 = Release|Any CPU
		{7C3A6B09-1EBB-42D0-B77F-76A0913386F7}.Release|Any CPU.Deploy.0 = Release|Any CPU
		{7C3A6B09-1EBB-42D0-B77F-76A0913386F7}.Release|ARM.ActiveCfg = Release|Any CPU
		{7C3A6B09-1EBB-42D0-B77F-76A0913386F7}.Release|ARM.Build.0 = Release|Any CPU
		{7C3A6B09-1EBB-42D0-B77F-76A0913386F7}.Release|ARM.Deploy.0 = Release|Any CPU
		{7C3A6B09-1EBB-42D0-B77F-76A0913386F7}.Release|iPhone.ActiveCfg = Release|Any CPU
		{7C3A6B09-1EBB-42D0-B77F-76A0913386F7}.Release|iPhone.Build.0 = Release|Any CPU
		{7C3A6B09-1EBB-42D0-B77F-76A0913386F7}.Release|iPhone.Deploy.0 = Release|Any CPU
		{7C3A6B09-1EBB-42D0-B77F-76A0913386F7}.Release|iPhoneSimulator.ActiveCfg = Release|Any CPU
		{7C3A6B09-1EBB-42D0-B77F-76A0913386F7}.Release|iPhoneSimulator.Build.0 = Release|Any CPU
		{7C3A6B09-1EBB-42D0-B77F-76A0913386F7}.Release|iPhoneSimulator.Deploy.0 = Release|Any CPU
		{7C3A6B09-1EBB-42D0-B77F-76A0913386F7}.Release|x64.ActiveCfg = Release|Any CPU
		{7C3A6B09-1EBB-42D0-B77F-76A0913386F7}.Release|x64.Build.0 = Release|Any CPU
		{7C3A6B09-1EBB-42D0-B77F-76A0913386F7}.Release|x64.Deploy.0 = Release|Any CPU
		{7C3A6B09-1EBB-42D0-B77F-76A0913386F7}.Release|x86.ActiveCfg = Release|Any CPU
		{7C3A6B09-1EBB-42D0-B77F-76A0913386F7}.Release|x86.Build.0 = Release|Any CPU
		{7C3A6B09-1EBB-42D0-B77F-76A0913386F7}.Release|x86.Deploy.0 = Release|Any CPU
		{63B33E57-4095-4C9F-9769-4F4741F90B29}.Ad-Hoc|Any CPU.ActiveCfg = Ad-Hoc|iPhone
		{63B33E57-4095-4C9F-9769-4F4741F90B29}.Ad-Hoc|Any CPU.Build.0 = Ad-Hoc|iPhone
		{63B33E57-4095-4C9F-9769-4F4741F90B29}.Ad-Hoc|Any CPU.Deploy.0 = Ad-Hoc|iPhone
		{63B33E57-4095-4C9F-9769-4F4741F90B29}.Ad-Hoc|ARM.ActiveCfg = Ad-Hoc|iPhone
		{63B33E57-4095-4C9F-9769-4F4741F90B29}.Ad-Hoc|ARM.Build.0 = Ad-Hoc|iPhone
		{63B33E57-4095-4C9F-9769-4F4741F90B29}.Ad-Hoc|ARM.Deploy.0 = Ad-Hoc|iPhone
		{63B33E57-4095-4C9F-9769-4F4741F90B29}.Ad-Hoc|iPhone.ActiveCfg = Ad-Hoc|iPhone
		{63B33E57-4095-4C9F-9769-4F4741F90B29}.Ad-Hoc|iPhone.Build.0 = Ad-Hoc|iPhone
		{63B33E57-4095-4C9F-9769-4F4741F90B29}.Ad-Hoc|iPhone.Deploy.0 = Ad-Hoc|iPhone
		{63B33E57-4095-4C9F-9769-4F4741F90B29}.Ad-Hoc|iPhoneSimulator.ActiveCfg = Ad-Hoc|iPhoneSimulator
		{63B33E57-4095-4C9F-9769-4F4741F90B29}.Ad-Hoc|iPhoneSimulator.Build.0 = Ad-Hoc|iPhoneSimulator
		{63B33E57-4095-4C9F-9769-4F4741F90B29}.Ad-Hoc|iPhoneSimulator.Deploy.0 = Ad-Hoc|iPhoneSimulator
		{63B33E57-4095-4C9F-9769-4F4741F90B29}.Ad-Hoc|x64.ActiveCfg = Ad-Hoc|iPhone
		{63B33E57-4095-4C9F-9769-4F4741F90B29}.Ad-Hoc|x64.Build.0 = Ad-Hoc|iPhone
		{63B33E57-4095-4C9F-9769-4F4741F90B29}.Ad-Hoc|x64.Deploy.0 = Ad-Hoc|iPhone
		{63B33E57-4095-4C9F-9769-4F4741F90B29}.Ad-Hoc|x86.ActiveCfg = Ad-Hoc|iPhone
		{63B33E57-4095-4C9F-9769-4F4741F90B29}.Ad-Hoc|x86.Build.0 = Ad-Hoc|iPhone
		{63B33E57-4095-4C9F-9769-4F4741F90B29}.Ad-Hoc|x86.Deploy.0 = Ad-Hoc|iPhone
		{63B33E57-4095-4C9F-9769-4F4741F90B29}.AppStore|Any CPU.ActiveCfg = AppStore|iPhone
		{63B33E57-4095-4C9F-9769-4F4741F90B29}.AppStore|Any CPU.Build.0 = AppStore|iPhone
		{63B33E57-4095-4C9F-9769-4F4741F90B29}.AppStore|Any CPU.Deploy.0 = AppStore|iPhone
		{63B33E57-4095-4C9F-9769-4F4741F90B29}.AppStore|ARM.ActiveCfg = AppStore|iPhone
		{63B33E57-4095-4C9F-9769-4F4741F90B29}.AppStore|ARM.Build.0 = AppStore|iPhone
		{63B33E57-4095-4C9F-9769-4F4741F90B29}.AppStore|ARM.Deploy.0 = AppStore|iPhone
		{63B33E57-4095-4C9F-9769-4F4741F90B29}.AppStore|iPhone.ActiveCfg = AppStore|iPhone
		{63B33E57-4095-4C9F-9769-4F4741F90B29}.AppStore|iPhone.Build.0 = AppStore|iPhone
		{63B33E57-4095-4C9F-9769-4F4741F90B29}.AppStore|iPhone.Deploy.0 = AppStore|iPhone
		{63B33E57-4095-4C9F-9769-4F4741F90B29}.AppStore|iPhoneSimulator.ActiveCfg = AppStore|iPhoneSimulator
		{63B33E57-4095-4C9F-9769-4F4741F90B29}.AppStore|iPhoneSimulator.Build.0 = AppStore|iPhoneSimulator
		{63B33E57-4095-4C9F-9769-4F4741F90B29}.AppStore|iPhoneSimulator.Deploy.0 = AppStore|iPhoneSimulator
		{63B33E57-4095-4C9F-9769-4F4741F90B29}.AppStore|x64.ActiveCfg = AppStore|iPhone
		{63B33E57-4095-4C9F-9769-4F4741F90B29}.AppStore|x64.Build.0 = AppStore|iPhone
		{63B33E57-4095-4C9F-9769-4F4741F90B29}.AppStore|x64.Deploy.0 = AppStore|iPhone
		{63B33E57-4095-4C9F-9769-4F4741F90B29}.AppStore|x86.ActiveCfg = AppStore|iPhone
		{63B33E57-4095-4C9F-9769-4F4741F90B29}.AppStore|x86.Build.0 = AppStore|iPhone
		{63B33E57-4095-4C9F-9769-4F4741F90B29}.AppStore|x86.Deploy.0 = AppStore|iPhone
		{63B33E57-4095-4C9F-9769-4F4741F90B29}.Debug|Any CPU.ActiveCfg = Debug|iPhoneSimulator
		{63B33E57-4095-4C9F-9769-4F4741F90B29}.Debug|Any CPU.Build.0 = Debug|iPhoneSimulator
		{63B33E57-4095-4C9F-9769-4F4741F90B29}.Debug|Any CPU.Deploy.0 = Debug|iPhoneSimulator
		{63B33E57-4095-4C9F-9769-4F4741F90B29}.Debug|ARM.ActiveCfg = Debug|iPhone
		{63B33E57-4095-4C9F-9769-4F4741F90B29}.Debug|ARM.Build.0 = Debug|iPhone
		{63B33E57-4095-4C9F-9769-4F4741F90B29}.Debug|ARM.Deploy.0 = Debug|iPhone
		{63B33E57-4095-4C9F-9769-4F4741F90B29}.Debug|iPhone.ActiveCfg = Debug|iPhone
		{63B33E57-4095-4C9F-9769-4F4741F90B29}.Debug|iPhone.Build.0 = Debug|iPhone
		{63B33E57-4095-4C9F-9769-4F4741F90B29}.Debug|iPhone.Deploy.0 = Debug|iPhone
		{63B33E57-4095-4C9F-9769-4F4741F90B29}.Debug|iPhoneSimulator.ActiveCfg = Debug|iPhoneSimulator
		{63B33E57-4095-4C9F-9769-4F4741F90B29}.Debug|iPhoneSimulator.Build.0 = Debug|iPhoneSimulator
		{63B33E57-4095-4C9F-9769-4F4741F90B29}.Debug|iPhoneSimulator.Deploy.0 = Debug|iPhoneSimulator
		{63B33E57-4095-4C9F-9769-4F4741F90B29}.Debug|x64.ActiveCfg = Debug|iPhone
		{63B33E57-4095-4C9F-9769-4F4741F90B29}.Debug|x64.Build.0 = Debug|iPhone
		{63B33E57-4095-4C9F-9769-4F4741F90B29}.Debug|x64.Deploy.0 = Debug|iPhone
		{63B33E57-4095-4C9F-9769-4F4741F90B29}.Debug|x86.ActiveCfg = Debug|iPhone
		{63B33E57-4095-4C9F-9769-4F4741F90B29}.Debug|x86.Build.0 = Debug|iPhone
		{63B33E57-4095-4C9F-9769-4F4741F90B29}.Debug|x86.Deploy.0 = Debug|iPhone
		{63B33E57-4095-4C9F-9769-4F4741F90B29}.Release|Any CPU.ActiveCfg = Release|iPhone
		{63B33E57-4095-4C9F-9769-4F4741F90B29}.Release|Any CPU.Build.0 = Release|iPhone
		{63B33E57-4095-4C9F-9769-4F4741F90B29}.Release|Any CPU.Deploy.0 = Release|iPhone
		{63B33E57-4095-4C9F-9769-4F4741F90B29}.Release|ARM.ActiveCfg = Release|iPhone
		{63B33E57-4095-4C9F-9769-4F4741F90B29}.Release|ARM.Build.0 = Release|iPhone
		{63B33E57-4095-4C9F-9769-4F4741F90B29}.Release|ARM.Deploy.0 = Release|iPhone
		{63B33E57-4095-4C9F-9769-4F4741F90B29}.Release|iPhone.ActiveCfg = Release|iPhone
		{63B33E57-4095-4C9F-9769-4F4741F90B29}.Release|iPhone.Build.0 = Release|iPhone
		{63B33E57-4095-4C9F-9769-4F4741F90B29}.Release|iPhone.Deploy.0 = Release|iPhone
		{63B33E57-4095-4C9F-9769-4F4741F90B29}.Release|iPhoneSimulator.ActiveCfg = Release|iPhoneSimulator
		{63B33E57-4095-4C9F-9769-4F4741F90B29}.Release|iPhoneSimulator.Build.0 = Release|iPhoneSimulator
		{63B33E57-4095-4C9F-9769-4F4741F90B29}.Release|iPhoneSimulator.Deploy.0 = Release|iPhoneSimulator
		{63B33E57-4095-4C9F-9769-4F4741F90B29}.Release|x64.ActiveCfg = Release|iPhone
		{63B33E57-4095-4C9F-9769-4F4741F90B29}.Release|x64.Build.0 = Release|iPhone
		{63B33E57-4095-4C9F-9769-4F4741F90B29}.Release|x64.Deploy.0 = Release|iPhone
		{63B33E57-4095-4C9F-9769-4F4741F90B29}.Release|x86.ActiveCfg = Release|iPhone
		{63B33E57-4095-4C9F-9769-4F4741F90B29}.Release|x86.Build.0 = Release|iPhone
		{63B33E57-4095-4C9F-9769-4F4741F90B29}.Release|x86.Deploy.0 = Release|iPhone
		{B8034FF6-868E-48A0-87C0-9695A8FFA1E5}.Ad-Hoc|Any CPU.ActiveCfg = Release|x86
		{B8034FF6-868E-48A0-87C0-9695A8FFA1E5}.Ad-Hoc|Any CPU.Build.0 = Release|x86
		{B8034FF6-868E-48A0-87C0-9695A8FFA1E5}.Ad-Hoc|Any CPU.Deploy.0 = Release|x86
		{B8034FF6-868E-48A0-87C0-9695A8FFA1E5}.Ad-Hoc|ARM.ActiveCfg = Release|ARM
		{B8034FF6-868E-48A0-87C0-9695A8FFA1E5}.Ad-Hoc|ARM.Build.0 = Release|ARM
		{B8034FF6-868E-48A0-87C0-9695A8FFA1E5}.Ad-Hoc|ARM.Deploy.0 = Release|ARM
		{B8034FF6-868E-48A0-87C0-9695A8FFA1E5}.Ad-Hoc|iPhone.ActiveCfg = Release|x86
		{B8034FF6-868E-48A0-87C0-9695A8FFA1E5}.Ad-Hoc|iPhone.Build.0 = Release|x86
		{B8034FF6-868E-48A0-87C0-9695A8FFA1E5}.Ad-Hoc|iPhone.Deploy.0 = Release|x86
		{B8034FF6-868E-48A0-87C0-9695A8FFA1E5}.Ad-Hoc|iPhoneSimulator.ActiveCfg = Release|x86
		{B8034FF6-868E-48A0-87C0-9695A8FFA1E5}.Ad-Hoc|iPhoneSimulator.Build.0 = Release|x86
		{B8034FF6-868E-48A0-87C0-9695A8FFA1E5}.Ad-Hoc|iPhoneSimulator.Deploy.0 = Release|x86
		{B8034FF6-868E-48A0-87C0-9695A8FFA1E5}.Ad-Hoc|x64.ActiveCfg = Release|x64
		{B8034FF6-868E-48A0-87C0-9695A8FFA1E5}.Ad-Hoc|x64.Build.0 = Release|x64
		{B8034FF6-868E-48A0-87C0-9695A8FFA1E5}.Ad-Hoc|x64.Deploy.0 = Release|x64
		{B8034FF6-868E-48A0-87C0-9695A8FFA1E5}.Ad-Hoc|x86.ActiveCfg = Release|x86
		{B8034FF6-868E-48A0-87C0-9695A8FFA1E5}.Ad-Hoc|x86.Build.0 = Release|x86
		{B8034FF6-868E-48A0-87C0-9695A8FFA1E5}.Ad-Hoc|x86.Deploy.0 = Release|x86
		{B8034FF6-868E-48A0-87C0-9695A8FFA1E5}.AppStore|Any CPU.ActiveCfg = Release|x86
		{B8034FF6-868E-48A0-87C0-9695A8FFA1E5}.AppStore|Any CPU.Build.0 = Release|x86
		{B8034FF6-868E-48A0-87C0-9695A8FFA1E5}.AppStore|Any CPU.Deploy.0 = Release|x86
		{B8034FF6-868E-48A0-87C0-9695A8FFA1E5}.AppStore|ARM.ActiveCfg = Release|ARM
		{B8034FF6-868E-48A0-87C0-9695A8FFA1E5}.AppStore|ARM.Build.0 = Release|ARM
		{B8034FF6-868E-48A0-87C0-9695A8FFA1E5}.AppStore|ARM.Deploy.0 = Release|ARM
		{B8034FF6-868E-48A0-87C0-9695A8FFA1E5}.AppStore|iPhone.ActiveCfg = Release|x86
		{B8034FF6-868E-48A0-87C0-9695A8FFA1E5}.AppStore|iPhone.Build.0 = Release|x86
		{B8034FF6-868E-48A0-87C0-9695A8FFA1E5}.AppStore|iPhone.Deploy.0 = Release|x86
		{B8034FF6-868E-48A0-87C0-9695A8FFA1E5}.AppStore|iPhoneSimulator.ActiveCfg = Release|x86
		{B8034FF6-868E-48A0-87C0-9695A8FFA1E5}.AppStore|iPhoneSimulator.Build.0 = Release|x86
		{B8034FF6-868E-48A0-87C0-9695A8FFA1E5}.AppStore|iPhoneSimulator.Deploy.0 = Release|x86
		{B8034FF6-868E-48A0-87C0-9695A8FFA1E5}.AppStore|x64.ActiveCfg = Release|x64
		{B8034FF6-868E-48A0-87C0-9695A8FFA1E5}.AppStore|x64.Build.0 = Release|x64
		{B8034FF6-868E-48A0-87C0-9695A8FFA1E5}.AppStore|x64.Deploy.0 = Release|x64
		{B8034FF6-868E-48A0-87C0-9695A8FFA1E5}.AppStore|x86.ActiveCfg = Release|x86
		{B8034FF6-868E-48A0-87C0-9695A8FFA1E5}.AppStore|x86.Build.0 = Release|x86
		{B8034FF6-868E-48A0-87C0-9695A8FFA1E5}.AppStore|x86.Deploy.0 = Release|x86
		{B8034FF6-868E-48A0-87C0-9695A8FFA1E5}.Debug|Any CPU.ActiveCfg = Debug|x86
		{B8034FF6-868E-48A0-87C0-9695A8FFA1E5}.Debug|Any CPU.Build.0 = Debug|x86
		{B8034FF6-868E-48A0-87C0-9695A8FFA1E5}.Debug|Any CPU.Deploy.0 = Debug|x86
		{B8034FF6-868E-48A0-87C0-9695A8FFA1E5}.Debug|ARM.ActiveCfg = Debug|ARM
		{B8034FF6-868E-48A0-87C0-9695A8FFA1E5}.Debug|ARM.Build.0 = Debug|ARM
		{B8034FF6-868E-48A0-87C0-9695A8FFA1E5}.Debug|ARM.Deploy.0 = Debug|ARM
		{B8034FF6-868E-48A0-87C0-9695A8FFA1E5}.Debug|iPhone.ActiveCfg = Debug|x86
		{B8034FF6-868E-48A0-87C0-9695A8FFA1E5}.Debug|iPhone.Build.0 = Debug|x86
		{B8034FF6-868E-48A0-87C0-9695A8FFA1E5}.Debug|iPhone.Deploy.0 = Debug|x86
		{B8034FF6-868E-48A0-87C0-9695A8FFA1E5}.Debug|iPhoneSimulator.ActiveCfg = Debug|x86
		{B8034FF6-868E-48A0-87C0-9695A8FFA1E5}.Debug|iPhoneSimulator.Build.0 = Debug|x86
		{B8034FF6-868E-48A0-87C0-9695A8FFA1E5}.Debug|iPhoneSimulator.Deploy.0 = Debug|x86
		{B8034FF6-868E-48A0-87C0-9695A8FFA1E5}.Debug|x64.ActiveCfg = Debug|x64
		{B8034FF6-868E-48A0-87C0-9695A8FFA1E5}.Debug|x64.Build.0 = Debug|x64
		{B8034FF6-868E-48A0-87C0-9695A8FFA1E5}.Debug|x64.Deploy.0 = Debug|x64
		{B8034FF6-868E-48A0-87C0-9695A8FFA1E5}.Debug|x86.ActiveCfg = Debug|x86
		{B8034FF6-868E-48A0-87C0-9695A8FFA1E5}.Debug|x86.Build.0 = Debug|x86
		{B8034FF6-868E-48A0-87C0-9695A8FFA1E5}.Debug|x86.Deploy.0 = Debug|x86
		{B8034FF6-868E-48A0-87C0-9695A8FFA1E5}.Release|Any CPU.ActiveCfg = Release|x86
		{B8034FF6-868E-48A0-87C0-9695A8FFA1E5}.Release|Any CPU.Build.0 = Release|x86
		{B8034FF6-868E-48A0-87C0-9695A8FFA1E5}.Release|Any CPU.Deploy.0 = Release|x86
		{B8034FF6-868E-48A0-87C0-9695A8FFA1E5}.Release|ARM.ActiveCfg = Release|ARM
		{B8034FF6-868E-48A0-87C0-9695A8FFA1E5}.Release|ARM.Build.0 = Release|ARM
		{B8034FF6-868E-48A0-87C0-9695A8FFA1E5}.Release|ARM.Deploy.0 = Release|ARM
		{B8034FF6-868E-48A0-87C0-9695A8FFA1E5}.Release|iPhone.ActiveCfg = Release|x86
		{B8034FF6-868E-48A0-87C0-9695A8FFA1E5}.Release|iPhone.Build.0 = Release|x86
		{B8034FF6-868E-48A0-87C0-9695A8FFA1E5}.Release|iPhone.Deploy.0 = Release|x86
		{B8034FF6-868E-48A0-87C0-9695A8FFA1E5}.Release|iPhoneSimulator.ActiveCfg = Release|x86
		{B8034FF6-868E-48A0-87C0-9695A8FFA1E5}.Release|iPhoneSimulator.Build.0 = Release|x86
		{B8034FF6-868E-48A0-87C0-9695A8FFA1E5}.Release|iPhoneSimulator.Deploy.0 = Release|x86
		{B8034FF6-868E-48A0-87C0-9695A8FFA1E5}.Release|x64.ActiveCfg = Release|x64
		{B8034FF6-868E-48A0-87C0-9695A8FFA1E5}.Release|x64.Build.0 = Release|x64
		{B8034FF6-868E-48A0-87C0-9695A8FFA1E5}.Release|x64.Deploy.0 = Release|x64
		{B8034FF6-868E-48A0-87C0-9695A8FFA1E5}.Release|x86.ActiveCfg = Release|x86
		{B8034FF6-868E-48A0-87C0-9695A8FFA1E5}.Release|x86.Build.0 = Release|x86
		{B8034FF6-868E-48A0-87C0-9695A8FFA1E5}.Release|x86.Deploy.0 = Release|x86
		{79360B5A-D309-4194-8BCE-111FE66C4C07}.Ad-Hoc|Any CPU.ActiveCfg = Debug|Any CPU
		{79360B5A-D309-4194-8BCE-111FE66C4C07}.Ad-Hoc|Any CPU.Build.0 = Debug|Any CPU
		{79360B5A-D309-4194-8BCE-111FE66C4C07}.Ad-Hoc|Any CPU.Deploy.0 = Debug|Any CPU
		{79360B5A-D309-4194-8BCE-111FE66C4C07}.Ad-Hoc|ARM.ActiveCfg = Debug|Any CPU
		{79360B5A-D309-4194-8BCE-111FE66C4C07}.Ad-Hoc|ARM.Build.0 = Debug|Any CPU
		{79360B5A-D309-4194-8BCE-111FE66C4C07}.Ad-Hoc|ARM.Deploy.0 = Debug|Any CPU
		{79360B5A-D309-4194-8BCE-111FE66C4C07}.Ad-Hoc|iPhone.ActiveCfg = Debug|Any CPU
		{79360B5A-D309-4194-8BCE-111FE66C4C07}.Ad-Hoc|iPhone.Build.0 = Debug|Any CPU
		{79360B5A-D309-4194-8BCE-111FE66C4C07}.Ad-Hoc|iPhone.Deploy.0 = Debug|Any CPU
		{79360B5A-D309-4194-8BCE-111FE66C4C07}.Ad-Hoc|iPhoneSimulator.ActiveCfg = Debug|Any CPU
		{79360B5A-D309-4194-8BCE-111FE66C4C07}.Ad-Hoc|iPhoneSimulator.Build.0 = Debug|Any CPU
		{79360B5A-D309-4194-8BCE-111FE66C4C07}.Ad-Hoc|iPhoneSimulator.Deploy.0 = Debug|Any CPU
		{79360B5A-D309-4194-8BCE-111FE66C4C07}.Ad-Hoc|x64.ActiveCfg = Debug|Any CPU
		{79360B5A-D309-4194-8BCE-111FE66C4C07}.Ad-Hoc|x64.Build.0 = Debug|Any CPU
		{79360B5A-D309-4194-8BCE-111FE66C4C07}.Ad-Hoc|x64.Deploy.0 = Debug|Any CPU
		{79360B5A-D309-4194-8BCE-111FE66C4C07}.Ad-Hoc|x86.ActiveCfg = Debug|Any CPU
		{79360B5A-D309-4194-8BCE-111FE66C4C07}.Ad-Hoc|x86.Build.0 = Debug|Any CPU
		{79360B5A-D309-4194-8BCE-111FE66C4C07}.Ad-Hoc|x86.Deploy.0 = Debug|Any CPU
		{79360B5A-D309-4194-8BCE-111FE66C4C07}.AppStore|Any CPU.ActiveCfg = Debug|Any CPU
		{79360B5A-D309-4194-8BCE-111FE66C4C07}.AppStore|Any CPU.Build.0 = Debug|Any CPU
		{79360B5A-D309-4194-8BCE-111FE66C4C07}.AppStore|Any CPU.Deploy.0 = Debug|Any CPU
		{79360B5A-D309-4194-8BCE-111FE66C4C07}.AppStore|ARM.ActiveCfg = Debug|Any CPU
		{79360B5A-D309-4194-8BCE-111FE66C4C07}.AppStore|ARM.Build.0 = Debug|Any CPU
		{79360B5A-D309-4194-8BCE-111FE66C4C07}.AppStore|ARM.Deploy.0 = Debug|Any CPU
		{79360B5A-D309-4194-8BCE-111FE66C4C07}.AppStore|iPhone.ActiveCfg = Debug|Any CPU
		{79360B5A-D309-4194-8BCE-111FE66C4C07}.AppStore|iPhone.Build.0 = Debug|Any CPU
		{79360B5A-D309-4194-8BCE-111FE66C4C07}.AppStore|iPhone.Deploy.0 = Debug|Any CPU
		{79360B5A-D309-4194-8BCE-111FE66C4C07}.AppStore|iPhoneSimulator.ActiveCfg = Debug|Any CPU
		{79360B5A-D309-4194-8BCE-111FE66C4C07}.AppStore|iPhoneSimulator.Build.0 = Debug|Any CPU
		{79360B5A-D309-4194-8BCE-111FE66C4C07}.AppStore|iPhoneSimulator.Deploy.0 = Debug|Any CPU
		{79360B5A-D309-4194-8BCE-111FE66C4C07}.AppStore|x64.ActiveCfg = Debug|Any CPU
		{79360B5A-D309-4194-8BCE-111FE66C4C07}.AppStore|x64.Build.0 = Debug|Any CPU
		{79360B5A-D309-4194-8BCE-111FE66C4C07}.AppStore|x64.Deploy.0 = Debug|Any CPU
		{79360B5A-D309-4194-8BCE-111FE66C4C07}.AppStore|x86.ActiveCfg = Debug|Any CPU
		{79360B5A-D309-4194-8BCE-111FE66C4C07}.AppStore|x86.Build.0 = Debug|Any CPU
		{79360B5A-D309-4194-8BCE-111FE66C4C07}.AppStore|x86.Deploy.0 = Debug|Any CPU
		{79360B5A-D309-4194-8BCE-111FE66C4C07}.Debug|Any CPU.ActiveCfg = Debug|Any CPU
		{79360B5A-D309-4194-8BCE-111FE66C4C07}.Debug|Any CPU.Build.0 = Debug|Any CPU
		{79360B5A-D309-4194-8BCE-111FE66C4C07}.Debug|Any CPU.Deploy.0 = Debug|Any CPU
		{79360B5A-D309-4194-8BCE-111FE66C4C07}.Debug|ARM.ActiveCfg = Debug|Any CPU
		{79360B5A-D309-4194-8BCE-111FE66C4C07}.Debug|ARM.Build.0 = Debug|Any CPU
		{79360B5A-D309-4194-8BCE-111FE66C4C07}.Debug|ARM.Deploy.0 = Debug|Any CPU
		{79360B5A-D309-4194-8BCE-111FE66C4C07}.Debug|iPhone.ActiveCfg = Debug|Any CPU
		{79360B5A-D309-4194-8BCE-111FE66C4C07}.Debug|iPhone.Build.0 = Debug|Any CPU
		{79360B5A-D309-4194-8BCE-111FE66C4C07}.Debug|iPhone.Deploy.0 = Debug|Any CPU
		{79360B5A-D309-4194-8BCE-111FE66C4C07}.Debug|iPhoneSimulator.ActiveCfg = Debug|Any CPU
		{79360B5A-D309-4194-8BCE-111FE66C4C07}.Debug|iPhoneSimulator.Build.0 = Debug|Any CPU
		{79360B5A-D309-4194-8BCE-111FE66C4C07}.Debug|iPhoneSimulator.Deploy.0 = Debug|Any CPU
		{79360B5A-D309-4194-8BCE-111FE66C4C07}.Debug|x64.ActiveCfg = Debug|Any CPU
		{79360B5A-D309-4194-8BCE-111FE66C4C07}.Debug|x64.Build.0 = Debug|Any CPU
		{79360B5A-D309-4194-8BCE-111FE66C4C07}.Debug|x64.Deploy.0 = Debug|Any CPU
		{79360B5A-D309-4194-8BCE-111FE66C4C07}.Debug|x86.ActiveCfg = Debug|Any CPU
		{79360B5A-D309-4194-8BCE-111FE66C4C07}.Debug|x86.Build.0 = Debug|Any CPU
		{79360B5A-D309-4194-8BCE-111FE66C4C07}.Debug|x86.Deploy.0 = Debug|Any CPU
		{79360B5A-D309-4194-8BCE-111FE66C4C07}.Release|Any CPU.ActiveCfg = Release|Any CPU
		{79360B5A-D309-4194-8BCE-111FE66C4C07}.Release|Any CPU.Build.0 = Release|Any CPU
		{79360B5A-D309-4194-8BCE-111FE66C4C07}.Release|Any CPU.Deploy.0 = Release|Any CPU
		{79360B5A-D309-4194-8BCE-111FE66C4C07}.Release|ARM.ActiveCfg = Release|Any CPU
		{79360B5A-D309-4194-8BCE-111FE66C4C07}.Release|ARM.Build.0 = Release|Any CPU
		{79360B5A-D309-4194-8BCE-111FE66C4C07}.Release|ARM.Deploy.0 = Release|Any CPU
		{79360B5A-D309-4194-8BCE-111FE66C4C07}.Release|iPhone.ActiveCfg = Release|Any CPU
		{79360B5A-D309-4194-8BCE-111FE66C4C07}.Release|iPhone.Build.0 = Release|Any CPU
		{79360B5A-D309-4194-8BCE-111FE66C4C07}.Release|iPhone.Deploy.0 = Release|Any CPU
		{79360B5A-D309-4194-8BCE-111FE66C4C07}.Release|iPhoneSimulator.ActiveCfg = Release|Any CPU
		{79360B5A-D309-4194-8BCE-111FE66C4C07}.Release|iPhoneSimulator.Build.0 = Release|Any CPU
		{79360B5A-D309-4194-8BCE-111FE66C4C07}.Release|iPhoneSimulator.Deploy.0 = Release|Any CPU
		{79360B5A-D309-4194-8BCE-111FE66C4C07}.Release|x64.ActiveCfg = Release|Any CPU
		{79360B5A-D309-4194-8BCE-111FE66C4C07}.Release|x64.Build.0 = Release|Any CPU
		{79360B5A-D309-4194-8BCE-111FE66C4C07}.Release|x64.Deploy.0 = Release|Any CPU
		{79360B5A-D309-4194-8BCE-111FE66C4C07}.Release|x86.ActiveCfg = Release|Any CPU
		{79360B5A-D309-4194-8BCE-111FE66C4C07}.Release|x86.Build.0 = Release|Any CPU
		{79360B5A-D309-4194-8BCE-111FE66C4C07}.Release|x86.Deploy.0 = Release|Any CPU
	EndGlobalSection
	GlobalSection(SolutionProperties) = preSolution
		HideSolutionNode = FALSE
	EndGlobalSection
	GlobalSection(ExtensibilityGlobals) = postSolution
		SolutionGuid = {94CFAAEE-8E24-40D2-949B-27256054773D}
	EndGlobalSection
EndGlobal
